PODS:
  - FMDB (2.6.2):
    - FMDB/standard (= 2.6.2)
  - FMDB/standard (2.6.2)
  - Nocilla (0.11.0)
  - ReachabilitySwift (4.3.0)
  - SnowplowIgluClient (0.1.1):
    - VVJSONSchemaValidation (~> 1.5.0)
  - VVJSONSchemaValidation (1.5.0)

DEPENDENCIES:
  - FMDB (= 2.6.2)
  - Nocilla
  - ReachabilitySwift
  - SnowplowIgluClient (from `https://github.com/snowplow/iglu-objc-client.git`, branch `feature/carthage`)

SPEC REPOS:
  https://github.com/cocoapods/specs.git:
    - FMDB
    - Nocilla
    - ReachabilitySwift
    - VVJSONSchemaValidation

EXTERNAL SOURCES:
  SnowplowIgluClient:
    :branch: feature/carthage
    :git: https://github.com/snowplow/iglu-objc-client.git

CHECKOUT OPTIONS:
  SnowplowIgluClient:
    :commit: 2ce4192295d07e317491dc1cb715d7779749d1f1
    :git: https://github.com/snowplow/iglu-objc-client.git

SPEC CHECKSUMS:
  FMDB: 854a0341b4726e53276f2a8996f06f1b80f9259a
  Nocilla: 7af7a386071150cc8aa5da4da97d060f049dd61c
  ReachabilitySwift: 408477d1b6ed9779dba301953171e017c31241f3
  SnowplowIgluClient: 6ab193e987f7e334772dd452f5cb5c705835d7da
  VVJSONSchemaValidation: 40411ea98f65d065a7c2ce7483876106bf710e9b

PODFILE CHECKSUM: 8e60dd28822812f8526dc724d23fd3f32e71117c

COCOAPODS: 1.5.3
